
Microsoft Visual Studio Solution File, Format Version 12.00
# Visual Studio Version 17
VisualStudioVersion = 17.5.33414.496
MinimumVisualStudioVersion = 10.0.40219.1
Project("{FAE04EC0-301F-11D3-BF4B-00C04F79EFBC}") = "WebApplication1", "WebApplication1\WebApplication1.csproj", "{916A81C6-D512-4A01-AB84-03CB40E9D3B0}"
EndProject
Global
	GlobalSection(SolutionConfigurationPlatforms) = preSolution
		Debug|Any CPU = Debug|Any CPU
		Release|Any CPU = Release|Any CPU
	EndGlobalSection
	GlobalSection(ProjectConfigurationPlatforms) = postSolution
		{916A81C6-D512-4A01-AB84-03CB40E9D3B0}.Debug|Any CPU.ActiveCfg = Debug|Any CPU
		{916A81C6-D512-4A01-AB84-03CB40E9D3B0}.Debug|Any CPU.Build.0 = Debug|Any CPU
		{916A81C6-D512-4A01-AB84-03CB40E9D3B0}.Release|Any CPU.ActiveCfg = Release|Any CPU
		{916A81C6-D512-4A01-AB84-03CB40E9D3B0}.Release|Any CPU.Build.0 = Release|Any CPU
	EndGlobalSection
	GlobalSection(SolutionProperties) = preSolution
		HideSolutionNode = FALSE
	EndGlobalSection
	GlobalSection(ExtensibilityGlobals) = postSolution
		SolutionGuid = {0E50A43F-3FD1-4996-AE33-A5CDE93A5D2B}
	EndGlobalSection
EndGlobal
